
Microsoft Visual Studio Solution File, Format Version 12.00
# Visual Studio Version 17
VisualStudioVersion = 17.0.31903.59
MinimumVisualStudioVersion = 10.0.40219.1
Project("{2150E333-8FDC-42A3-9474-1A3956D46DE8}") = "src", "src", "{A4D27AAB-2FA7-4230-905D-AE048C98006E}"
EndProject
Project("{FAE04EC0-301F-11D3-BF4B-00C04F79EFBC}") = "Chirp.Core", "src\Chirp.Core\Chirp.Core.csproj", "{7951BF59-97B3-499A-A5B3-05C8C82F198D}"
EndProject
Project("{FAE04EC0-301F-11D3-BF4B-00C04F79EFBC}") = "Chirp.Infrastructure", "src\Chirp.Infrastructure\Chirp.Infrastructure.csproj", "{C184E2B0-8CAA-4B5D-91BE-698D35E7B1AE}"
EndProject
Project("{FAE04EC0-301F-11D3-BF4B-00C04F79EFBC}") = "Chirp.Web", "src\Chirp.Web\Chirp.Web.csproj", "{741994A7-7EBA-4831-A8E4-9330E14F8ADB}"
EndProject
Global
	GlobalSection(SolutionConfigurationPlatforms) = preSolution
		Debug|Any CPU = Debug|Any CPU
		Release|Any CPU = Release|Any CPU
	EndGlobalSection
	GlobalSection(SolutionProperties) = preSolution
		HideSolutionNode = FALSE
	EndGlobalSection
	GlobalSection(ProjectConfigurationPlatforms) = postSolution
		{7951BF59-97B3-499A-A5B3-05C8C82F198D}.Debug|Any CPU.ActiveCfg = Debug|Any CPU
		{7951BF59-97B3-499A-A5B3-05C8C82F198D}.Debug|Any CPU.Build.0 = Debug|Any CPU
		{7951BF59-97B3-499A-A5B3-05C8C82F198D}.Release|Any CPU.ActiveCfg = Release|Any CPU
		{7951BF59-97B3-499A-A5B3-05C8C82F198D}.Release|Any CPU.Build.0 = Release|Any CPU
		{C184E2B0-8CAA-4B5D-91BE-698D35E7B1AE}.Debug|Any CPU.ActiveCfg = Debug|Any CPU
		{C184E2B0-8CAA-4B5D-91BE-698D35E7B1AE}.Debug|Any CPU.Build.0 = Debug|Any CPU
		{C184E2B0-8CAA-4B5D-91BE-698D35E7B1AE}.Release|Any CPU.ActiveCfg = Release|Any CPU
		{C184E2B0-8CAA-4B5D-91BE-698D35E7B1AE}.Release|Any CPU.Build.0 = Release|Any CPU
		{741994A7-7EBA-4831-A8E4-9330E14F8ADB}.Debug|Any CPU.ActiveCfg = Debug|Any CPU
		{741994A7-7EBA-4831-A8E4-9330E14F8ADB}.Debug|Any CPU.Build.0 = Debug|Any CPU
		{741994A7-7EBA-4831-A8E4-9330E14F8ADB}.Release|Any CPU.ActiveCfg = Release|Any CPU
		{741994A7-7EBA-4831-A8E4-9330E14F8ADB}.Release|Any CPU.Build.0 = Release|Any CPU
	EndGlobalSection
	GlobalSection(NestedProjects) = preSolution
		{7951BF59-97B3-499A-A5B3-05C8C82F198D} = {A4D27AAB-2FA7-4230-905D-AE048C98006E}
		{C184E2B0-8CAA-4B5D-91BE-698D35E7B1AE} = {A4D27AAB-2FA7-4230-905D-AE048C98006E}
		{741994A7-7EBA-4831-A8E4-9330E14F8ADB} = {A4D27AAB-2FA7-4230-905D-AE048C98006E}
	EndGlobalSection
EndGlobal
