
Microsoft Visual Studio Solution File, Format Version 12.00
# Visual Studio Version 17
VisualStudioVersion = 17.0.31903.59
MinimumVisualStudioVersion = 10.0.40219.1
Project("{2150E333-8FDC-42A3-9474-1A3956D46DE8}") = "src", "src", "{84684D61-5131-46B8-A8B5-54F773CC408F}"
EndProject
Project("{FAE04EC0-301F-11D3-BF4B-00C04F79EFBC}") = "Chirp.CLI", "src\Chirp.CLI.Client\Chirp.CLI.csproj", "{1B1B2165-4FE4-48F8-A96B-8DDDA59262F8}"
EndProject
Project("{FAE04EC0-301F-11D3-BF4B-00C04F79EFBC}") = "SimpleDB", "src\SimpleDB\SimpleDB.csproj", "{00EE4F15-913D-4489-B861-E28840C265CB}"
EndProject
Project("{2150E333-8FDC-42A3-9474-1A3956D46DE8}") = "test", "test", "{640C8318-7572-4548-8C15-7C8116BB068E}"
EndProject
Project("{FAE04EC0-301F-11D3-BF4B-00C04F79EFBC}") = "Chirp.CLI.Clint.Tests", "test\Chirp.CLI.Clint.Tests\Chirp.CLI.Clint.Tests.csproj", "{4F5AAAFA-C72C-43A0-8C82-CB23C9A46190}"
EndProject
Project("{FAE04EC0-301F-11D3-BF4B-00C04F79EFBC}") = "SimpleDB.Tests", "test\SimpleDB.Tests\SimpleDB.Tests.csproj", "{6DF2E2B0-AB01-4FC4-BB04-3C5C42D0CDC6}"
EndProject
Project("{FAE04EC0-301F-11D3-BF4B-00C04F79EFBC}") = "Chirp.CSVDBService", "src\Chirp.CSVDBService\Chirp.CSVDBService.csproj", "{49D69FE6-F639-4D39-B27B-6BB0C0E17530}"
EndProject
Global
	GlobalSection(SolutionProperties) = preSolution
		HideSolutionNode = FALSE
	EndGlobalSection
	GlobalSection(SolutionConfigurationPlatforms) = preSolution
		Debug|Any CPU = Debug|Any CPU
		Debug|x64 = Debug|x64
		Debug|x86 = Debug|x86
		Release|Any CPU = Release|Any CPU
		Release|x64 = Release|x64
		Release|x86 = Release|x86
	EndGlobalSection
	GlobalSection(ProjectConfigurationPlatforms) = postSolution
		{1B1B2165-4FE4-48F8-A96B-8DDDA59262F8}.Debug|Any CPU.ActiveCfg = Debug|Any CPU
		{1B1B2165-4FE4-48F8-A96B-8DDDA59262F8}.Debug|Any CPU.Build.0 = Debug|Any CPU
		{1B1B2165-4FE4-48F8-A96B-8DDDA59262F8}.Debug|x64.ActiveCfg = Debug|Any CPU
		{1B1B2165-4FE4-48F8-A96B-8DDDA59262F8}.Debug|x64.Build.0 = Debug|Any CPU
		{1B1B2165-4FE4-48F8-A96B-8DDDA59262F8}.Debug|x86.ActiveCfg = Debug|Any CPU
		{1B1B2165-4FE4-48F8-A96B-8DDDA59262F8}.Debug|x86.Build.0 = Debug|Any CPU
		{1B1B2165-4FE4-48F8-A96B-8DDDA59262F8}.Release|Any CPU.ActiveCfg = Release|Any CPU
		{1B1B2165-4FE4-48F8-A96B-8DDDA59262F8}.Release|Any CPU.Build.0 = Release|Any CPU
		{1B1B2165-4FE4-48F8-A96B-8DDDA59262F8}.Release|x64.ActiveCfg = Release|Any CPU
		{1B1B2165-4FE4-48F8-A96B-8DDDA59262F8}.Release|x64.Build.0 = Release|Any CPU
		{1B1B2165-4FE4-48F8-A96B-8DDDA59262F8}.Release|x86.ActiveCfg = Release|Any CPU
		{1B1B2165-4FE4-48F8-A96B-8DDDA59262F8}.Release|x86.Build.0 = Release|Any CPU
		{00EE4F15-913D-4489-B861-E28840C265CB}.Debug|Any CPU.ActiveCfg = Debug|Any CPU
		{00EE4F15-913D-4489-B861-E28840C265CB}.Debug|Any CPU.Build.0 = Debug|Any CPU
		{00EE4F15-913D-4489-B861-E28840C265CB}.Debug|x64.ActiveCfg = Debug|Any CPU
		{00EE4F15-913D-4489-B861-E28840C265CB}.Debug|x64.Build.0 = Debug|Any CPU
		{00EE4F15-913D-4489-B861-E28840C265CB}.Debug|x86.ActiveCfg = Debug|Any CPU
		{00EE4F15-913D-4489-B861-E28840C265CB}.Debug|x86.Build.0 = Debug|Any CPU
		{00EE4F15-913D-4489-B861-E28840C265CB}.Release|Any CPU.ActiveCfg = Release|Any CPU
		{00EE4F15-913D-4489-B861-E28840C265CB}.Release|Any CPU.Build.0 = Release|Any CPU
		{00EE4F15-913D-4489-B861-E28840C265CB}.Release|x64.ActiveCfg = Release|Any CPU
		{00EE4F15-913D-4489-B861-E28840C265CB}.Release|x64.Build.0 = Release|Any CPU
		{00EE4F15-913D-4489-B861-E28840C265CB}.Release|x86.ActiveCfg = Release|Any CPU
		{00EE4F15-913D-4489-B861-E28840C265CB}.Release|x86.Build.0 = Release|Any CPU
		{4F5AAAFA-C72C-43A0-8C82-CB23C9A46190}.Debug|Any CPU.ActiveCfg = Debug|Any CPU
		{4F5AAAFA-C72C-43A0-8C82-CB23C9A46190}.Debug|Any CPU.Build.0 = Debug|Any CPU
		{4F5AAAFA-C72C-43A0-8C82-CB23C9A46190}.Debug|x64.ActiveCfg = Debug|Any CPU
		{4F5AAAFA-C72C-43A0-8C82-CB23C9A46190}.Debug|x64.Build.0 = Debug|Any CPU
		{4F5AAAFA-C72C-43A0-8C82-CB23C9A46190}.Debug|x86.ActiveCfg = Debug|Any CPU
		{4F5AAAFA-C72C-43A0-8C82-CB23C9A46190}.Debug|x86.Build.0 = Debug|Any CPU
		{4F5AAAFA-C72C-43A0-8C82-CB23C9A46190}.Release|Any CPU.ActiveCfg = Release|Any CPU
		{4F5AAAFA-C72C-43A0-8C82-CB23C9A46190}.Release|Any CPU.Build.0 = Release|Any CPU
		{4F5AAAFA-C72C-43A0-8C82-CB23C9A46190}.Release|x64.ActiveCfg = Release|Any CPU
		{4F5AAAFA-C72C-43A0-8C82-CB23C9A46190}.Release|x64.Build.0 = Release|Any CPU
		{4F5AAAFA-C72C-43A0-8C82-CB23C9A46190}.Release|x86.ActiveCfg = Release|Any CPU
		{4F5AAAFA-C72C-43A0-8C82-CB23C9A46190}.Release|x86.Build.0 = Release|Any CPU
		{6DF2E2B0-AB01-4FC4-BB04-3C5C42D0CDC6}.Debug|Any CPU.ActiveCfg = Debug|Any CPU
		{6DF2E2B0-AB01-4FC4-BB04-3C5C42D0CDC6}.Debug|Any CPU.Build.0 = Debug|Any CPU
		{6DF2E2B0-AB01-4FC4-BB04-3C5C42D0CDC6}.Debug|x64.ActiveCfg = Debug|Any CPU
		{6DF2E2B0-AB01-4FC4-BB04-3C5C42D0CDC6}.Debug|x64.Build.0 = Debug|Any CPU
		{6DF2E2B0-AB01-4FC4-BB04-3C5C42D0CDC6}.Debug|x86.ActiveCfg = Debug|Any CPU
		{6DF2E2B0-AB01-4FC4-BB04-3C5C42D0CDC6}.Debug|x86.Build.0 = Debug|Any CPU
		{6DF2E2B0-AB01-4FC4-BB04-3C5C42D0CDC6}.Release|Any CPU.ActiveCfg = Release|Any CPU
		{6DF2E2B0-AB01-4FC4-BB04-3C5C42D0CDC6}.Release|Any CPU.Build.0 = Release|Any CPU
		{6DF2E2B0-AB01-4FC4-BB04-3C5C42D0CDC6}.Release|x64.ActiveCfg = Release|Any CPU
		{6DF2E2B0-AB01-4FC4-BB04-3C5C42D0CDC6}.Release|x64.Build.0 = Release|Any CPU
		{6DF2E2B0-AB01-4FC4-BB04-3C5C42D0CDC6}.Release|x86.ActiveCfg = Release|Any CPU
		{6DF2E2B0-AB01-4FC4-BB04-3C5C42D0CDC6}.Release|x86.Build.0 = Release|Any CPU
		{49D69FE6-F639-4D39-B27B-6BB0C0E17530}.Debug|Any CPU.ActiveCfg = Debug|Any CPU
		{49D69FE6-F639-4D39-B27B-6BB0C0E17530}.Debug|Any CPU.Build.0 = Debug|Any CPU
		{49D69FE6-F639-4D39-B27B-6BB0C0E17530}.Debug|x64.ActiveCfg = Debug|Any CPU
		{49D69FE6-F639-4D39-B27B-6BB0C0E17530}.Debug|x64.Build.0 = Debug|Any CPU
		{49D69FE6-F639-4D39-B27B-6BB0C0E17530}.Debug|x86.ActiveCfg = Debug|Any CPU
		{49D69FE6-F639-4D39-B27B-6BB0C0E17530}.Debug|x86.Build.0 = Debug|Any CPU
		{49D69FE6-F639-4D39-B27B-6BB0C0E17530}.Release|Any CPU.ActiveCfg = Release|Any CPU
		{49D69FE6-F639-4D39-B27B-6BB0C0E17530}.Release|Any CPU.Build.0 = Release|Any CPU
		{49D69FE6-F639-4D39-B27B-6BB0C0E17530}.Release|x64.ActiveCfg = Release|Any CPU
		{49D69FE6-F639-4D39-B27B-6BB0C0E17530}.Release|x64.Build.0 = Release|Any CPU
		{49D69FE6-F639-4D39-B27B-6BB0C0E17530}.Release|x86.ActiveCfg = Release|Any CPU
		{49D69FE6-F639-4D39-B27B-6BB0C0E17530}.Release|x86.Build.0 = Release|Any CPU
	EndGlobalSection
	GlobalSection(NestedProjects) = preSolution
		{1B1B2165-4FE4-48F8-A96B-8DDDA59262F8} = {84684D61-5131-46B8-A8B5-54F773CC408F}
		{00EE4F15-913D-4489-B861-E28840C265CB} = {84684D61-5131-46B8-A8B5-54F773CC408F}
		{4F5AAAFA-C72C-43A0-8C82-CB23C9A46190} = {640C8318-7572-4548-8C15-7C8116BB068E}
		{6DF2E2B0-AB01-4FC4-BB04-3C5C42D0CDC6} = {640C8318-7572-4548-8C15-7C8116BB068E}
		{49D69FE6-F639-4D39-B27B-6BB0C0E17530} = {84684D61-5131-46B8-A8B5-54F773CC408F}
	EndGlobalSection
EndGlobal
